
Microsoft Visual Studio Solution File, Format Version 12.00
# Visual Studio Version 17
VisualStudioVersion = 17.7.34221.43
MinimumVisualStudioVersion = 10.0.40219.1
Project("{FAE04EC0-301F-11D3-BF4B-00C04F79EFBC}") = "E-come", "E-come\E-come.csproj", "{6CAB0A88-4290-4D4D-BFF8-77058C0A8939}"
EndProject
Global
	GlobalSection(SolutionConfigurationPlatforms) = preSolution
		Debug|Any CPU = Debug|Any CPU
		Release|Any CPU = Release|Any CPU
	EndGlobalSection
	GlobalSection(ProjectConfigurationPlatforms) = postSolution
		{6CAB0A88-4290-4D4D-BFF8-77058C0A8939}.Debug|Any CPU.ActiveCfg = Debug|Any CPU
		{6CAB0A88-4290-4D4D-BFF8-77058C0A8939}.Debug|Any CPU.Build.0 = Debug|Any CPU
		{6CAB0A88-4290-4D4D-BFF8-77058C0A8939}.Release|Any CPU.ActiveCfg = Release|Any CPU
		{6CAB0A88-4290-4D4D-BFF8-77058C0A8939}.Release|Any CPU.Build.0 = Release|Any CPU
	EndGlobalSection
	GlobalSection(SolutionProperties) = preSolution
		HideSolutionNode = FALSE
	EndGlobalSection
	GlobalSection(ExtensibilityGlobals) = postSolution
		SolutionGuid = {4D8FE5D1-0F56-49DE-B7A6-5EAF6F5A57E2}
	EndGlobalSection
EndGlobal
